// !$*UTF8*$!
{
	archiveVersion = 1;
	classes = {
	};
	objectVersion = 56;
	objects = {

/* Begin PBXBuildFile section */
		841743D92AA79D2F002D4731 /* FadeTransitionAnimator.swift in Sources */ = {isa = PBXBuildFile; fileRef = 841743D82AA79D2F002D4731 /* FadeTransitionAnimator.swift */; };
		841743DB2AA79DA4002D4731 /* FadeNavigationController.swift in Sources */ = {isa = PBXBuildFile; fileRef = 841743DA2AA79DA4002D4731 /* FadeNavigationController.swift */; };
		841743DF2AA8F13B002D4731 /* GameManager.swift in Sources */ = {isa = PBXBuildFile; fileRef = 841743DE2AA8F13B002D4731 /* GameManager.swift */; };
		841743E12AA8F1BE002D4731 /* Puzzles.swift in Sources */ = {isa = PBXBuildFile; fileRef = 841743E02AA8F1BE002D4731 /* Puzzles.swift */; };
		843DA3D92A97EE5E002A0CD0 /* Map.swift in Sources */ = {isa = PBXBuildFile; fileRef = 843DA3D82A97EE5E002A0CD0 /* Map.swift */; };
		843DA3DB2A97EE66002A0CD0 /* Room.swift in Sources */ = {isa = PBXBuildFile; fileRef = 843DA3DA2A97EE66002A0CD0 /* Room.swift */; };
		843DA3E52A991F29002A0CD0 /* Direction.swift in Sources */ = {isa = PBXBuildFile; fileRef = 843DA3E42A991F29002A0CD0 /* Direction.swift */; };
		843DAA4D2A9D1DF6002A0CD0 /* ContaminationConfig.swift in Sources */ = {isa = PBXBuildFile; fileRef = 843DAA4C2A9D1DF6002A0CD0 /* ContaminationConfig.swift */; };
		843DAA4F2A9D2953002A0CD0 /* RoomViewController.swift in Sources */ = {isa = PBXBuildFile; fileRef = 843DAA4E2A9D2953002A0CD0 /* RoomViewController.swift */; };
		843DAA532A9E666B002A0CD0 /* Doors.swift in Sources */ = {isa = PBXBuildFile; fileRef = 843DAA522A9E666B002A0CD0 /* Doors.swift */; };
		843DAA552AA11C24002A0CD0 /* Radar.swift in Sources */ = {isa = PBXBuildFile; fileRef = 843DAA542AA11C24002A0CD0 /* Radar.swift */; };
		84C01A212A97E8C60070D2E5 /* AppDelegate.swift in Sources */ = {isa = PBXBuildFile; fileRef = 84C01A202A97E8C60070D2E5 /* AppDelegate.swift */; };
		84C01A232A97E8C60070D2E5 /* SceneDelegate.swift in Sources */ = {isa = PBXBuildFile; fileRef = 84C01A222A97E8C60070D2E5 /* SceneDelegate.swift */; };
		84C01A252A97E8C60070D2E5 /* ViewController.swift in Sources */ = {isa = PBXBuildFile; fileRef = 84C01A242A97E8C60070D2E5 /* ViewController.swift */; };
		84C01A2A2A97E8C70070D2E5 /* Assets.xcassets in Resources */ = {isa = PBXBuildFile; fileRef = 84C01A292A97E8C70070D2E5 /* Assets.xcassets */; };
		84C01A2D2A97E8C70070D2E5 /* LaunchScreen.storyboard in Resources */ = {isa = PBXBuildFile; fileRef = 84C01A2B2A97E8C70070D2E5 /* LaunchScreen.storyboard */; };
		B379F1C32AA7A3FB00694EB1 /* HapticsController.swift in Sources */ = {isa = PBXBuildFile; fileRef = B379F1C22AA7A3FB00694EB1 /* HapticsController.swift */; };
		B379F1C52AA7B3AC00694EB1 /* ButtonPuzzleMatrixView.swift in Sources */ = {isa = PBXBuildFile; fileRef = B379F1C42AA7B3AC00694EB1 /* ButtonPuzzleMatrixView.swift */; };
		B3F9A4EC2A991A9100B7E7F1 /* ButtonPuzzleViewController.swift in Sources */ = {isa = PBXBuildFile; fileRef = B3F9A4EB2A991A9100B7E7F1 /* ButtonPuzzleViewController.swift */; };
		B3F9A4EE2A991C5D00B7E7F1 /* ButtonPuzzleView.swift in Sources */ = {isa = PBXBuildFile; fileRef = B3F9A4ED2A991C5D00B7E7F1 /* ButtonPuzzleView.swift */; };
		B3F9A4F02A991E2D00B7E7F1 /* NSLayoutConstraint+ext.swift in Sources */ = {isa = PBXBuildFile; fileRef = B3F9A4EF2A991E2D00B7E7F1 /* NSLayoutConstraint+ext.swift */; };
		B3F9A4F22A9BB40800B7E7F1 /* LightPuzzleView.swift in Sources */ = {isa = PBXBuildFile; fileRef = B3F9A4F12A9BB40800B7E7F1 /* LightPuzzleView.swift */; };
		B3F9A4F72A9BB88100B7E7F1 /* LightPuzzleViewController.swift in Sources */ = {isa = PBXBuildFile; fileRef = B3F9A4F62A9BB88100B7E7F1 /* LightPuzzleViewController.swift */; };
		B3F9A4FB2A9BBB7E00B7E7F1 /* LightPuzzleScene.swift in Sources */ = {isa = PBXBuildFile; fileRef = B3F9A4FA2A9BBB7E00B7E7F1 /* LightPuzzleScene.swift */; };
		B3F9A4FD2A9BD56500B7E7F1 /* SKMirror.swift in Sources */ = {isa = PBXBuildFile; fileRef = B3F9A4FC2A9BD56500B7E7F1 /* SKMirror.swift */; };
		B3F9A4FF2A9E1D5900B7E7F1 /* SKLightBeam.swift in Sources */ = {isa = PBXBuildFile; fileRef = B3F9A4FE2A9E1D5900B7E7F1 /* SKLightBeam.swift */; };
		B3F9A5012AA2589000B7E7F1 /* PipePuzzleScene.swift in Sources */ = {isa = PBXBuildFile; fileRef = B3F9A5002AA2589000B7E7F1 /* PipePuzzleScene.swift */; };
		B3F9A5032AA258A700B7E7F1 /* SKPipe.swift in Sources */ = {isa = PBXBuildFile; fileRef = B3F9A5022AA258A700B7E7F1 /* SKPipe.swift */; };
		B3F9A5052AA2593200B7E7F1 /* PipePuzzleView.swift in Sources */ = {isa = PBXBuildFile; fileRef = B3F9A5042AA2593200B7E7F1 /* PipePuzzleView.swift */; };
		B3F9A5072AA2598300B7E7F1 /* PipePuzzleViewController.swift in Sources */ = {isa = PBXBuildFile; fileRef = B3F9A5062AA2598300B7E7F1 /* PipePuzzleViewController.swift */; };
/* End PBXBuildFile section */

/* Begin PBXFileReference section */
		841743D82AA79D2F002D4731 /* FadeTransitionAnimator.swift */ = {isa = PBXFileReference; lastKnownFileType = sourcecode.swift; path = FadeTransitionAnimator.swift; sourceTree = "<group>"; };
		841743DA2AA79DA4002D4731 /* FadeNavigationController.swift */ = {isa = PBXFileReference; lastKnownFileType = sourcecode.swift; path = FadeNavigationController.swift; sourceTree = "<group>"; };
		841743DE2AA8F13B002D4731 /* GameManager.swift */ = {isa = PBXFileReference; lastKnownFileType = sourcecode.swift; path = GameManager.swift; sourceTree = "<group>"; };
		841743E02AA8F1BE002D4731 /* Puzzles.swift */ = {isa = PBXFileReference; lastKnownFileType = sourcecode.swift; path = Puzzles.swift; sourceTree = "<group>"; };
		843DA3D82A97EE5E002A0CD0 /* Map.swift */ = {isa = PBXFileReference; lastKnownFileType = sourcecode.swift; path = Map.swift; sourceTree = "<group>"; };
		843DA3DA2A97EE66002A0CD0 /* Room.swift */ = {isa = PBXFileReference; lastKnownFileType = sourcecode.swift; path = Room.swift; sourceTree = "<group>"; };
		843DA3E42A991F29002A0CD0 /* Direction.swift */ = {isa = PBXFileReference; lastKnownFileType = sourcecode.swift; path = Direction.swift; sourceTree = "<group>"; };
		843DAA4C2A9D1DF6002A0CD0 /* ContaminationConfig.swift */ = {isa = PBXFileReference; lastKnownFileType = sourcecode.swift; path = ContaminationConfig.swift; sourceTree = "<group>"; };
		843DAA4E2A9D2953002A0CD0 /* RoomViewController.swift */ = {isa = PBXFileReference; lastKnownFileType = sourcecode.swift; path = RoomViewController.swift; sourceTree = "<group>"; };
		843DAA522A9E666B002A0CD0 /* Doors.swift */ = {isa = PBXFileReference; lastKnownFileType = sourcecode.swift; path = Doors.swift; sourceTree = "<group>"; };
		843DAA542AA11C24002A0CD0 /* Radar.swift */ = {isa = PBXFileReference; lastKnownFileType = sourcecode.swift; path = Radar.swift; sourceTree = "<group>"; };
		84C01A1D2A97E8C60070D2E5 /* Mini2.app */ = {isa = PBXFileReference; explicitFileType = wrapper.application; includeInIndex = 0; path = Mini2.app; sourceTree = BUILT_PRODUCTS_DIR; };
		84C01A202A97E8C60070D2E5 /* AppDelegate.swift */ = {isa = PBXFileReference; lastKnownFileType = sourcecode.swift; path = AppDelegate.swift; sourceTree = "<group>"; };
		84C01A222A97E8C60070D2E5 /* SceneDelegate.swift */ = {isa = PBXFileReference; lastKnownFileType = sourcecode.swift; path = SceneDelegate.swift; sourceTree = "<group>"; };
		84C01A242A97E8C60070D2E5 /* ViewController.swift */ = {isa = PBXFileReference; lastKnownFileType = sourcecode.swift; path = ViewController.swift; sourceTree = "<group>"; };
		84C01A292A97E8C70070D2E5 /* Assets.xcassets */ = {isa = PBXFileReference; lastKnownFileType = folder.assetcatalog; path = Assets.xcassets; sourceTree = "<group>"; };
		84C01A2C2A97E8C70070D2E5 /* Base */ = {isa = PBXFileReference; lastKnownFileType = file.storyboard; name = Base; path = Base.lproj/LaunchScreen.storyboard; sourceTree = "<group>"; };
		84C01A2E2A97E8C70070D2E5 /* Info.plist */ = {isa = PBXFileReference; lastKnownFileType = text.plist.xml; path = Info.plist; sourceTree = "<group>"; };
		B379F1C22AA7A3FB00694EB1 /* HapticsController.swift */ = {isa = PBXFileReference; lastKnownFileType = sourcecode.swift; path = HapticsController.swift; sourceTree = "<group>"; };
		B379F1C42AA7B3AC00694EB1 /* ButtonPuzzleMatrixView.swift */ = {isa = PBXFileReference; lastKnownFileType = sourcecode.swift; path = ButtonPuzzleMatrixView.swift; sourceTree = "<group>"; };
		B3F9A4EB2A991A9100B7E7F1 /* ButtonPuzzleViewController.swift */ = {isa = PBXFileReference; lastKnownFileType = sourcecode.swift; path = ButtonPuzzleViewController.swift; sourceTree = "<group>"; };
		B3F9A4ED2A991C5D00B7E7F1 /* ButtonPuzzleView.swift */ = {isa = PBXFileReference; lastKnownFileType = sourcecode.swift; path = ButtonPuzzleView.swift; sourceTree = "<group>"; };
		B3F9A4EF2A991E2D00B7E7F1 /* NSLayoutConstraint+ext.swift */ = {isa = PBXFileReference; lastKnownFileType = sourcecode.swift; path = "NSLayoutConstraint+ext.swift"; sourceTree = "<group>"; };
		B3F9A4F12A9BB40800B7E7F1 /* LightPuzzleView.swift */ = {isa = PBXFileReference; lastKnownFileType = sourcecode.swift; path = LightPuzzleView.swift; sourceTree = "<group>"; };
		B3F9A4F62A9BB88100B7E7F1 /* LightPuzzleViewController.swift */ = {isa = PBXFileReference; lastKnownFileType = sourcecode.swift; path = LightPuzzleViewController.swift; sourceTree = "<group>"; };
		B3F9A4FA2A9BBB7E00B7E7F1 /* LightPuzzleScene.swift */ = {isa = PBXFileReference; lastKnownFileType = sourcecode.swift; path = LightPuzzleScene.swift; sourceTree = "<group>"; };
		B3F9A4FC2A9BD56500B7E7F1 /* SKMirror.swift */ = {isa = PBXFileReference; lastKnownFileType = sourcecode.swift; name = SKMirror.swift; path = Mini2/View/Scenes/SKMirror.swift; sourceTree = SOURCE_ROOT; };
		B3F9A4FE2A9E1D5900B7E7F1 /* SKLightBeam.swift */ = {isa = PBXFileReference; lastKnownFileType = sourcecode.swift; name = SKLightBeam.swift; path = Mini2/View/Scenes/SKLightBeam.swift; sourceTree = SOURCE_ROOT; };
		B3F9A5002AA2589000B7E7F1 /* PipePuzzleScene.swift */ = {isa = PBXFileReference; lastKnownFileType = sourcecode.swift; path = PipePuzzleScene.swift; sourceTree = "<group>"; };
		B3F9A5022AA258A700B7E7F1 /* SKPipe.swift */ = {isa = PBXFileReference; lastKnownFileType = sourcecode.swift; name = SKPipe.swift; path = Mini2/View/Scenes/SKPipe.swift; sourceTree = SOURCE_ROOT; };
		B3F9A5042AA2593200B7E7F1 /* PipePuzzleView.swift */ = {isa = PBXFileReference; lastKnownFileType = sourcecode.swift; path = PipePuzzleView.swift; sourceTree = "<group>"; };
		B3F9A5062AA2598300B7E7F1 /* PipePuzzleViewController.swift */ = {isa = PBXFileReference; lastKnownFileType = sourcecode.swift; path = PipePuzzleViewController.swift; sourceTree = "<group>"; };
/* End PBXFileReference section */

/* Begin PBXFrameworksBuildPhase section */
		84C01A1A2A97E8C60070D2E5 /* Frameworks */ = {
			isa = PBXFrameworksBuildPhase;
			buildActionMask = 2147483647;
			files = (
			);
			runOnlyForDeploymentPostprocessing = 0;
		};
/* End PBXFrameworksBuildPhase section */

/* Begin PBXGroup section */
		84C01A142A97E8C60070D2E5 = {
			isa = PBXGroup;
			children = (
				84C01A1F2A97E8C60070D2E5 /* Mini2 */,
				84C01A1E2A97E8C60070D2E5 /* Products */,
			);
			sourceTree = "<group>";
		};
		84C01A1E2A97E8C60070D2E5 /* Products */ = {
			isa = PBXGroup;
			children = (
				84C01A1D2A97E8C60070D2E5 /* Mini2.app */,
			);
			name = Products;
			sourceTree = "<group>";
		};
		84C01A1F2A97E8C60070D2E5 /* Mini2 */ = {
			isa = PBXGroup;
			children = (
				B379F1C12AA7A3E200694EB1 /* Shared */,
				84C01A372A97EA420070D2E5 /* Common */,
				84C01A362A97EA0F0070D2E5 /* Controller */,
				84C01A352A97EA090070D2E5 /* Model */,
				84C01A342A97E9DD0070D2E5 /* View */,
				84C01A292A97E8C70070D2E5 /* Assets.xcassets */,
				84C01A2B2A97E8C70070D2E5 /* LaunchScreen.storyboard */,
				84C01A2E2A97E8C70070D2E5 /* Info.plist */,
			);
			path = Mini2;
			sourceTree = "<group>";
		};
		84C01A342A97E9DD0070D2E5 /* View */ = {
			isa = PBXGroup;
			children = (
				B3F9A4F32A9BB49400B7E7F1 /* Scenes */,
				B3F9A4ED2A991C5D00B7E7F1 /* ButtonPuzzleView.swift */,
				B3F9A4EF2A991E2D00B7E7F1 /* NSLayoutConstraint+ext.swift */,
				B3F9A4F12A9BB40800B7E7F1 /* LightPuzzleView.swift */,
				B3F9A5042AA2593200B7E7F1 /* PipePuzzleView.swift */,
				843DAA522A9E666B002A0CD0 /* Doors.swift */,
				B379F1C42AA7B3AC00694EB1 /* ButtonPuzzleMatrixView.swift */,
			);
			path = View;
			sourceTree = "<group>";
		};
		84C01A352A97EA090070D2E5 /* Model */ = {
			isa = PBXGroup;
			children = (
				B3F9A4FC2A9BD56500B7E7F1 /* SKMirror.swift */,
				B3F9A4FE2A9E1D5900B7E7F1 /* SKLightBeam.swift */,
				B3F9A5022AA258A700B7E7F1 /* SKPipe.swift */,
				843DA3D82A97EE5E002A0CD0 /* Map.swift */,
				843DA3DA2A97EE66002A0CD0 /* Room.swift */,
				843DA3E42A991F29002A0CD0 /* Direction.swift */,
				843DAA4C2A9D1DF6002A0CD0 /* ContaminationConfig.swift */,
				843DAA542AA11C24002A0CD0 /* Radar.swift */,
				841743E02AA8F1BE002D4731 /* Puzzles.swift */,
			);
			path = Model;
			sourceTree = "<group>";
		};
		84C01A362A97EA0F0070D2E5 /* Controller */ = {
			isa = PBXGroup;
			children = (
				84C01A242A97E8C60070D2E5 /* ViewController.swift */,
				B3F9A4EB2A991A9100B7E7F1 /* ButtonPuzzleViewController.swift */,
				B3F9A4F62A9BB88100B7E7F1 /* LightPuzzleViewController.swift */,
				B3F9A5062AA2598300B7E7F1 /* PipePuzzleViewController.swift */,
				843DAA4E2A9D2953002A0CD0 /* RoomViewController.swift */,
				841743DA2AA79DA4002D4731 /* FadeNavigationController.swift */,
			);
			path = Controller;
			sourceTree = "<group>";
		};
		84C01A372A97EA420070D2E5 /* Common */ = {
			isa = PBXGroup;
			children = (
				84C01A202A97E8C60070D2E5 /* AppDelegate.swift */,
				84C01A222A97E8C60070D2E5 /* SceneDelegate.swift */,
				841743D82AA79D2F002D4731 /* FadeTransitionAnimator.swift */,
				841743DE2AA8F13B002D4731 /* GameManager.swift */,
			);
			path = Common;
			sourceTree = "<group>";
		};
		B379F1C12AA7A3E200694EB1 /* Shared */ = {
			isa = PBXGroup;
			children = (
				B379F1C22AA7A3FB00694EB1 /* HapticsController.swift */,
			);
			path = Shared;
			sourceTree = "<group>";
		};
		B3F9A4F32A9BB49400B7E7F1 /* Scenes */ = {
			isa = PBXGroup;
			children = (
				B3F9A4FA2A9BBB7E00B7E7F1 /* LightPuzzleScene.swift */,
				B3F9A5002AA2589000B7E7F1 /* PipePuzzleScene.swift */,
			);
			path = Scenes;
			sourceTree = "<group>";
		};
/* End PBXGroup section */

/* Begin PBXNativeTarget section */
		84C01A1C2A97E8C60070D2E5 /* Mini2 */ = {
			isa = PBXNativeTarget;
			buildConfigurationList = 84C01A312A97E8C70070D2E5 /* Build configuration list for PBXNativeTarget "Mini2" */;
			buildPhases = (
				84C01A192A97E8C60070D2E5 /* Sources */,
				84C01A1A2A97E8C60070D2E5 /* Frameworks */,
				84C01A1B2A97E8C60070D2E5 /* Resources */,
			);
			buildRules = (
			);
			dependencies = (
			);
			name = Mini2;
			productName = Mini2;
			productReference = 84C01A1D2A97E8C60070D2E5 /* Mini2.app */;
			productType = "com.apple.product-type.application";
		};
/* End PBXNativeTarget section */

/* Begin PBXProject section */
		84C01A152A97E8C60070D2E5 /* Project object */ = {
			isa = PBXProject;
			attributes = {
				BuildIndependentTargetsInParallel = 1;
				LastSwiftUpdateCheck = 1430;
				LastUpgradeCheck = 1430;
				TargetAttributes = {
					84C01A1C2A97E8C60070D2E5 = {
						CreatedOnToolsVersion = 14.3.1;
					};
				};
			};
			buildConfigurationList = 84C01A182A97E8C60070D2E5 /* Build configuration list for PBXProject "Mini2" */;
			compatibilityVersion = "Xcode 14.0";
			developmentRegion = en;
			hasScannedForEncodings = 0;
			knownRegions = (
				en,
				Base,
			);
			mainGroup = 84C01A142A97E8C60070D2E5;
			productRefGroup = 84C01A1E2A97E8C60070D2E5 /* Products */;
			projectDirPath = "";
			projectRoot = "";
			targets = (
				84C01A1C2A97E8C60070D2E5 /* Mini2 */,
			);
		};
/* End PBXProject section */

/* Begin PBXResourcesBuildPhase section */
		84C01A1B2A97E8C60070D2E5 /* Resources */ = {
			isa = PBXResourcesBuildPhase;
			buildActionMask = 2147483647;
			files = (
				84C01A2D2A97E8C70070D2E5 /* LaunchScreen.storyboard in Resources */,
				84C01A2A2A97E8C70070D2E5 /* Assets.xcassets in Resources */,
			);
			runOnlyForDeploymentPostprocessing = 0;
		};
/* End PBXResourcesBuildPhase section */

/* Begin PBXSourcesBuildPhase section */
		84C01A192A97E8C60070D2E5 /* Sources */ = {
			isa = PBXSourcesBuildPhase;
			buildActionMask = 2147483647;
			files = (
				B3F9A4FD2A9BD56500B7E7F1 /* SKMirror.swift in Sources */,
				841743DF2AA8F13B002D4731 /* GameManager.swift in Sources */,
				B3F9A4EC2A991A9100B7E7F1 /* ButtonPuzzleViewController.swift in Sources */,
				B3F9A4EE2A991C5D00B7E7F1 /* ButtonPuzzleView.swift in Sources */,
				84C01A252A97E8C60070D2E5 /* ViewController.swift in Sources */,
				B3F9A4F22A9BB40800B7E7F1 /* LightPuzzleView.swift in Sources */,
				B3F9A4FF2A9E1D5900B7E7F1 /* SKLightBeam.swift in Sources */,
				B3F9A5012AA2589000B7E7F1 /* PipePuzzleScene.swift in Sources */,
				B3F9A4F02A991E2D00B7E7F1 /* NSLayoutConstraint+ext.swift in Sources */,
				B3F9A4F72A9BB88100B7E7F1 /* LightPuzzleViewController.swift in Sources */,
				841743D92AA79D2F002D4731 /* FadeTransitionAnimator.swift in Sources */,
				B3F9A5032AA258A700B7E7F1 /* SKPipe.swift in Sources */,
				B3F9A5052AA2593200B7E7F1 /* PipePuzzleView.swift in Sources */,
				B3F9A4FB2A9BBB7E00B7E7F1 /* LightPuzzleScene.swift in Sources */,
				841743DB2AA79DA4002D4731 /* FadeNavigationController.swift in Sources */,
				843DAA552AA11C24002A0CD0 /* Radar.swift in Sources */,
				B379F1C52AA7B3AC00694EB1 /* ButtonPuzzleMatrixView.swift in Sources */,
				841743E12AA8F1BE002D4731 /* Puzzles.swift in Sources */,
				843DA3E52A991F29002A0CD0 /* Direction.swift in Sources */,
				84C01A212A97E8C60070D2E5 /* AppDelegate.swift in Sources */,
				843DAA4F2A9D2953002A0CD0 /* RoomViewController.swift in Sources */,
				843DA3D92A97EE5E002A0CD0 /* Map.swift in Sources */,
				84C01A232A97E8C60070D2E5 /* SceneDelegate.swift in Sources */,
				B3F9A5072AA2598300B7E7F1 /* PipePuzzleViewController.swift in Sources */,
				843DA3DB2A97EE66002A0CD0 /* Room.swift in Sources */,
				843DAA532A9E666B002A0CD0 /* Doors.swift in Sources */,
				843DAA4D2A9D1DF6002A0CD0 /* ContaminationConfig.swift in Sources */,
				B379F1C32AA7A3FB00694EB1 /* HapticsController.swift in Sources */,
			);
			runOnlyForDeploymentPostprocessing = 0;
		};
/* End PBXSourcesBuildPhase section */

/* Begin PBXVariantGroup section */
		84C01A2B2A97E8C70070D2E5 /* LaunchScreen.storyboard */ = {
			isa = PBXVariantGroup;
			children = (
				84C01A2C2A97E8C70070D2E5 /* Base */,
			);
			name = LaunchScreen.storyboard;
			sourceTree = "<group>";
		};
/* End PBXVariantGroup section */

/* Begin XCBuildConfiguration section */
		84C01A2F2A97E8C70070D2E5 /* Debug */ = {
			isa = XCBuildConfiguration;
			buildSettings = {
				ALWAYS_SEARCH_USER_PATHS = NO;
				CLANG_ANALYZER_NONNULL = YES;
				CLANG_ANALYZER_NUMBER_OBJECT_CONVERSION = YES_AGGRESSIVE;
				CLANG_CXX_LANGUAGE_STANDARD = "gnu++20";
				CLANG_ENABLE_MODULES = YES;
				CLANG_ENABLE_OBJC_ARC = YES;
				CLANG_ENABLE_OBJC_WEAK = YES;
				CLANG_WARN_BLOCK_CAPTURE_AUTORELEASING = YES;
				CLANG_WARN_BOOL_CONVERSION = YES;
				CLANG_WARN_COMMA = YES;
				CLANG_WARN_CONSTANT_CONVERSION = YES;
				CLANG_WARN_DEPRECATED_OBJC_IMPLEMENTATIONS = YES;
				CLANG_WARN_DIRECT_OBJC_ISA_USAGE = YES_ERROR;
				CLANG_WARN_DOCUMENTATION_COMMENTS = YES;
				CLANG_WARN_EMPTY_BODY = YES;
				CLANG_WARN_ENUM_CONVERSION = YES;
				CLANG_WARN_INFINITE_RECURSION = YES;
				CLANG_WARN_INT_CONVERSION = YES;
				CLANG_WARN_NON_LITERAL_NULL_CONVERSION = YES;
				CLANG_WARN_OBJC_IMPLICIT_RETAIN_SELF = YES;
				CLANG_WARN_OBJC_LITERAL_CONVERSION = YES;
				CLANG_WARN_OBJC_ROOT_CLASS = YES_ERROR;
				CLANG_WARN_QUOTED_INCLUDE_IN_FRAMEWORK_HEADER = YES;
				CLANG_WARN_RANGE_LOOP_ANALYSIS = YES;
				CLANG_WARN_STRICT_PROTOTYPES = YES;
				CLANG_WARN_SUSPICIOUS_MOVE = YES;
				CLANG_WARN_UNGUARDED_AVAILABILITY = YES_AGGRESSIVE;
				CLANG_WARN_UNREACHABLE_CODE = YES;
				CLANG_WARN__DUPLICATE_METHOD_MATCH = YES;
				COPY_PHASE_STRIP = NO;
				DEBUG_INFORMATION_FORMAT = dwarf;
				ENABLE_STRICT_OBJC_MSGSEND = YES;
				ENABLE_TESTABILITY = YES;
				GCC_C_LANGUAGE_STANDARD = gnu11;
				GCC_DYNAMIC_NO_PIC = NO;
				GCC_NO_COMMON_BLOCKS = YES;
				GCC_OPTIMIZATION_LEVEL = 0;
				GCC_PREPROCESSOR_DEFINITIONS = (
					"DEBUG=1",
					"$(inherited)",
				);
				GCC_WARN_64_TO_32_BIT_CONVERSION = YES;
				GCC_WARN_ABOUT_RETURN_TYPE = YES_ERROR;
				GCC_WARN_UNDECLARED_SELECTOR = YES;
				GCC_WARN_UNINITIALIZED_AUTOS = YES_AGGRESSIVE;
				GCC_WARN_UNUSED_FUNCTION = YES;
				GCC_WARN_UNUSED_VARIABLE = YES;
				IPHONEOS_DEPLOYMENT_TARGET = 13.7;
				MTL_ENABLE_DEBUG_INFO = INCLUDE_SOURCE;
				MTL_FAST_MATH = YES;
				ONLY_ACTIVE_ARCH = YES;
				SDKROOT = iphoneos;
				SWIFT_ACTIVE_COMPILATION_CONDITIONS = DEBUG;
				SWIFT_OPTIMIZATION_LEVEL = "-Onone";
			};
			name = Debug;
		};
		84C01A302A97E8C70070D2E5 /* Release */ = {
			isa = XCBuildConfiguration;
			buildSettings = {
				ALWAYS_SEARCH_USER_PATHS = NO;
				CLANG_ANALYZER_NONNULL = YES;
				CLANG_ANALYZER_NUMBER_OBJECT_CONVERSION = YES_AGGRESSIVE;
				CLANG_CXX_LANGUAGE_STANDARD = "gnu++20";
				CLANG_ENABLE_MODULES = YES;
				CLANG_ENABLE_OBJC_ARC = YES;
				CLANG_ENABLE_OBJC_WEAK = YES;
				CLANG_WARN_BLOCK_CAPTURE_AUTORELEASING = YES;
				CLANG_WARN_BOOL_CONVERSION = YES;
				CLANG_WARN_COMMA = YES;
				CLANG_WARN_CONSTANT_CONVERSION = YES;
				CLANG_WARN_DEPRECATED_OBJC_IMPLEMENTATIONS = YES;
				CLANG_WARN_DIRECT_OBJC_ISA_USAGE = YES_ERROR;
				CLANG_WARN_DOCUMENTATION_COMMENTS = YES;
				CLANG_WARN_EMPTY_BODY = YES;
				CLANG_WARN_ENUM_CONVERSION = YES;
				CLANG_WARN_INFINITE_RECURSION = YES;
				CLANG_WARN_INT_CONVERSION = YES;
				CLANG_WARN_NON_LITERAL_NULL_CONVERSION = YES;
				CLANG_WARN_OBJC_IMPLICIT_RETAIN_SELF = YES;
				CLANG_WARN_OBJC_LITERAL_CONVERSION = YES;
				CLANG_WARN_OBJC_ROOT_CLASS = YES_ERROR;
				CLANG_WARN_QUOTED_INCLUDE_IN_FRAMEWORK_HEADER = YES;
				CLANG_WARN_RANGE_LOOP_ANALYSIS = YES;
				CLANG_WARN_STRICT_PROTOTYPES = YES;
				CLANG_WARN_SUSPICIOUS_MOVE = YES;
				CLANG_WARN_UNGUARDED_AVAILABILITY = YES_AGGRESSIVE;
				CLANG_WARN_UNREACHABLE_CODE = YES;
				CLANG_WARN__DUPLICATE_METHOD_MATCH = YES;
				COPY_PHASE_STRIP = NO;
				DEBUG_INFORMATION_FORMAT = "dwarf-with-dsym";
				ENABLE_NS_ASSERTIONS = NO;
				ENABLE_STRICT_OBJC_MSGSEND = YES;
				GCC_C_LANGUAGE_STANDARD = gnu11;
				GCC_NO_COMMON_BLOCKS = YES;
				GCC_WARN_64_TO_32_BIT_CONVERSION = YES;
				GCC_WARN_ABOUT_RETURN_TYPE = YES_ERROR;
				GCC_WARN_UNDECLARED_SELECTOR = YES;
				GCC_WARN_UNINITIALIZED_AUTOS = YES_AGGRESSIVE;
				GCC_WARN_UNUSED_FUNCTION = YES;
				GCC_WARN_UNUSED_VARIABLE = YES;
				IPHONEOS_DEPLOYMENT_TARGET = 13.7;
				MTL_ENABLE_DEBUG_INFO = NO;
				MTL_FAST_MATH = YES;
				SDKROOT = iphoneos;
				SWIFT_COMPILATION_MODE = wholemodule;
				SWIFT_OPTIMIZATION_LEVEL = "-O";
				VALIDATE_PRODUCT = YES;
			};
			name = Release;
		};
		84C01A322A97E8C70070D2E5 /* Debug */ = {
			isa = XCBuildConfiguration;
			buildSettings = {
				ASSETCATALOG_COMPILER_APPICON_NAME = AppIcon;
				ASSETCATALOG_COMPILER_GLOBAL_ACCENT_COLOR_NAME = AccentColor;
				CODE_SIGN_STYLE = Automatic;
				CURRENT_PROJECT_VERSION = 1;
				DEVELOPMENT_TEAM = 7U55BCTM6U;
				GENERATE_INFOPLIST_FILE = YES;
				INFOPLIST_FILE = Mini2/Info.plist;
				INFOPLIST_KEY_CFBundleDisplayName = Plantologic;
				INFOPLIST_KEY_LSApplicationCategoryType = "public.app-category.games";
				INFOPLIST_KEY_UIApplicationSupportsIndirectInputEvents = YES;
				INFOPLIST_KEY_UILaunchStoryboardName = LaunchScreen;
				INFOPLIST_KEY_UIRequiresFullScreen = YES;
				INFOPLIST_KEY_UISupportedInterfaceOrientations = "UIInterfaceOrientationLandscapeLeft UIInterfaceOrientationLandscapeRight";
				IPHONEOS_DEPLOYMENT_TARGET = 15.0;
				LD_RUNPATH_SEARCH_PATHS = (
					"$(inherited)",
					"@executable_path/Frameworks",
				);
				MARKETING_VERSION = 1.1;
				PRODUCT_BUNDLE_IDENTIFIER = ADA.Mini2;
				PRODUCT_NAME = "$(TARGET_NAME)";
				SWIFT_EMIT_LOC_STRINGS = YES;
				SWIFT_VERSION = 5.0;
				TARGETED_DEVICE_FAMILY = "1,2";
			};
			name = Debug;
		};
		84C01A332A97E8C70070D2E5 /* Release */ = {
			isa = XCBuildConfiguration;
			buildSettings = {
				ASSETCATALOG_COMPILER_APPICON_NAME = AppIcon;
				ASSETCATALOG_COMPILER_GLOBAL_ACCENT_COLOR_NAME = AccentColor;
				CODE_SIGN_STYLE = Automatic;
				CURRENT_PROJECT_VERSION = 1;
				DEVELOPMENT_TEAM = 7U55BCTM6U;
				GENERATE_INFOPLIST_FILE = YES;
				INFOPLIST_FILE = Mini2/Info.plist;
				INFOPLIST_KEY_CFBundleDisplayName = Plantologic;
				INFOPLIST_KEY_LSApplicationCategoryType = "public.app-category.games";
				INFOPLIST_KEY_UIApplicationSupportsIndirectInputEvents = YES;
				INFOPLIST_KEY_UILaunchStoryboardName = LaunchScreen;
				INFOPLIST_KEY_UIRequiresFullScreen = YES;
				INFOPLIST_KEY_UISupportedInterfaceOrientations = "UIInterfaceOrientationLandscapeLeft UIInterfaceOrientationLandscapeRight";
				IPHONEOS_DEPLOYMENT_TARGET = 15.0;
				LD_RUNPATH_SEARCH_PATHS = (
					"$(inherited)",
					"@executable_path/Frameworks",
				);
				MARKETING_VERSION = 1.1;
				PRODUCT_BUNDLE_IDENTIFIER = ADA.Mini2;
				PRODUCT_NAME = "$(TARGET_NAME)";
				SWIFT_EMIT_LOC_STRINGS = YES;
				SWIFT_VERSION = 5.0;
				TARGETED_DEVICE_FAMILY = "1,2";
			};
			name = Release;
		};
/* End XCBuildConfiguration section */

/* Begin XCConfigurationList section */
		84C01A182A97E8C60070D2E5 /* Build configuration list for PBXProject "Mini2" */ = {
			isa = XCConfigurationList;
			buildConfigurations = (
				84C01A2F2A97E8C70070D2E5 /* Debug */,
				84C01A302A97E8C70070D2E5 /* Release */,
			);
			defaultConfigurationIsVisible = 0;
			defaultConfigurationName = Release;
		};
		84C01A312A97E8C70070D2E5 /* Build configuration list for PBXNativeTarget "Mini2" */ = {
			isa = XCConfigurationList;
			buildConfigurations = (
				84C01A322A97E8C70070D2E5 /* Debug */,
				84C01A332A97E8C70070D2E5 /* Release */,
			);
			defaultConfigurationIsVisible = 0;
			defaultConfigurationName = Release;
		};
/* End XCConfigurationList section */
	};
	rootObject = 84C01A152A97E8C60070D2E5 /* Project object */;
}
